// !$*UTF8*$!
{
	archiveVersion = 1;
	classes = {
	};
	objectVersion = 55;
	objects = {

/* Begin PBXBuildFile section */
		29AF281E27F1DFDF00F254C1 /* AppDelegate.swift in Sources */ = {isa = PBXBuildFile; fileRef = 29AF281D27F1DFDF00F254C1 /* AppDelegate.swift */; };
		29AF282027F1DFDF00F254C1 /* GameScene.sks in Resources */ = {isa = PBXBuildFile; fileRef = 29AF281F27F1DFDF00F254C1 /* GameScene.sks */; };
		29AF282427F1DFDF00F254C1 /* GameScene.swift in Sources */ = {isa = PBXBuildFile; fileRef = 29AF282327F1DFDF00F254C1 /* GameScene.swift */; };
		29AF282627F1DFDF00F254C1 /* GameViewController.swift in Sources */ = {isa = PBXBuildFile; fileRef = 29AF282527F1DFDF00F254C1 /* GameViewController.swift */; };
		29AF282927F1DFDF00F254C1 /* Main.storyboard in Resources */ = {isa = PBXBuildFile; fileRef = 29AF282727F1DFDF00F254C1 /* Main.storyboard */; };
		29AF282B27F1DFE000F254C1 /* Assets.xcassets in Resources */ = {isa = PBXBuildFile; fileRef = 29AF282A27F1DFE000F254C1 /* Assets.xcassets */; };
		29AF282E27F1DFE000F254C1 /* LaunchScreen.storyboard in Resources */ = {isa = PBXBuildFile; fileRef = 29AF282C27F1DFE000F254C1 /* LaunchScreen.storyboard */; };
		29AF283527F1E50D00F254C1 /* PlayerNode.swift in Sources */ = {isa = PBXBuildFile; fileRef = 29AF283427F1E50D00F254C1 /* PlayerNode.swift */; };
		29AF283D27F1EF2E00F254C1 /* CarNode.swift in Sources */ = {isa = PBXBuildFile; fileRef = 29AF283C27F1EF2E00F254C1 /* CarNode.swift */; };
		29AF283F27F1EF4100F254C1 /* CarType.swift in Sources */ = {isa = PBXBuildFile; fileRef = 29AF283E27F1EF4100F254C1 /* CarType.swift */; };
		29AF284227F1F21600F254C1 /* car-types.json in Resources */ = {isa = PBXBuildFile; fileRef = 29AF284127F1F21600F254C1 /* car-types.json */; };
		29AF284427F1F39400F254C1 /* Wave.swift in Sources */ = {isa = PBXBuildFile; fileRef = 29AF284327F1F39400F254C1 /* Wave.swift */; };
		29AF284827F1FA1000F254C1 /* Bundle-Decoding.swift in Sources */ = {isa = PBXBuildFile; fileRef = 29AF284727F1FA1000F254C1 /* Bundle-Decoding.swift */; };
		29AF285027F2043200F254C1 /* BenzinaNode.swift in Sources */ = {isa = PBXBuildFile; fileRef = 29AF284F27F2043200F254C1 /* BenzinaNode.swift */; };
		29AF285227F206E700F254C1 /* Fuel.swift in Sources */ = {isa = PBXBuildFile; fileRef = 29AF285127F206E700F254C1 /* Fuel.swift */; };
/* End PBXBuildFile section */

/* Begin PBXFileReference section */
		29AF281A27F1DFDF00F254C1 /* NCX.app */ = {isa = PBXFileReference; explicitFileType = wrapper.application; includeInIndex = 0; path = NCX.app; sourceTree = BUILT_PRODUCTS_DIR; };
		29AF281D27F1DFDF00F254C1 /* AppDelegate.swift */ = {isa = PBXFileReference; lastKnownFileType = sourcecode.swift; path = AppDelegate.swift; sourceTree = "<group>"; };
		29AF281F27F1DFDF00F254C1 /* GameScene.sks */ = {isa = PBXFileReference; lastKnownFileType = file.sks; path = GameScene.sks; sourceTree = "<group>"; };
		29AF282327F1DFDF00F254C1 /* GameScene.swift */ = {isa = PBXFileReference; lastKnownFileType = sourcecode.swift; path = GameScene.swift; sourceTree = "<group>"; };
		29AF282527F1DFDF00F254C1 /* GameViewController.swift */ = {isa = PBXFileReference; lastKnownFileType = sourcecode.swift; path = GameViewController.swift; sourceTree = "<group>"; };
		29AF282827F1DFDF00F254C1 /* Base */ = {isa = PBXFileReference; lastKnownFileType = file.storyboard; name = Base; path = Base.lproj/Main.storyboard; sourceTree = "<group>"; };
		29AF282A27F1DFE000F254C1 /* Assets.xcassets */ = {isa = PBXFileReference; lastKnownFileType = folder.assetcatalog; path = Assets.xcassets; sourceTree = "<group>"; };
		29AF282D27F1DFE000F254C1 /* Base */ = {isa = PBXFileReference; lastKnownFileType = file.storyboard; name = Base; path = Base.lproj/LaunchScreen.storyboard; sourceTree = "<group>"; };
		29AF283427F1E50D00F254C1 /* PlayerNode.swift */ = {isa = PBXFileReference; lastKnownFileType = sourcecode.swift; path = PlayerNode.swift; sourceTree = "<group>"; };
		29AF283C27F1EF2E00F254C1 /* CarNode.swift */ = {isa = PBXFileReference; lastKnownFileType = sourcecode.swift; path = CarNode.swift; sourceTree = "<group>"; };
		29AF283E27F1EF4100F254C1 /* CarType.swift */ = {isa = PBXFileReference; lastKnownFileType = sourcecode.swift; path = CarType.swift; sourceTree = "<group>"; };
		29AF284127F1F21600F254C1 /* car-types.json */ = {isa = PBXFileReference; fileEncoding = 4; lastKnownFileType = text.json; path = "car-types.json"; sourceTree = "<group>"; };
		29AF284327F1F39400F254C1 /* Wave.swift */ = {isa = PBXFileReference; fileEncoding = 4; lastKnownFileType = sourcecode.swift; path = Wave.swift; sourceTree = "<group>"; };
		29AF284727F1FA1000F254C1 /* Bundle-Decoding.swift */ = {isa = PBXFileReference; fileEncoding = 4; lastKnownFileType = sourcecode.swift; path = "Bundle-Decoding.swift"; sourceTree = "<group>"; };
		29AF284F27F2043200F254C1 /* BenzinaNode.swift */ = {isa = PBXFileReference; lastKnownFileType = sourcecode.swift; path = BenzinaNode.swift; sourceTree = "<group>"; };
		29AF285127F206E700F254C1 /* Fuel.swift */ = {isa = PBXFileReference; lastKnownFileType = sourcecode.swift; path = Fuel.swift; sourceTree = "<group>"; };
/* End PBXFileReference section */

/* Begin PBXFrameworksBuildPhase section */
		29AF281727F1DFDF00F254C1 /* Frameworks */ = {
			isa = PBXFrameworksBuildPhase;
			buildActionMask = 2147483647;
			files = (
			);
			runOnlyForDeploymentPostprocessing = 0;
		};
/* End PBXFrameworksBuildPhase section */

/* Begin PBXGroup section */
		29AF281127F1DFDF00F254C1 = {
			isa = PBXGroup;
			children = (
				29AF281C27F1DFDF00F254C1 /* NCX */,
				29AF281B27F1DFDF00F254C1 /* Products */,
			);
			sourceTree = "<group>";
		};
		29AF281B27F1DFDF00F254C1 /* Products */ = {
			isa = PBXGroup;
			children = (
				29AF281A27F1DFDF00F254C1 /* NCX.app */,
			);
			name = Products;
			sourceTree = "<group>";
		};
		29AF281C27F1DFDF00F254C1 /* NCX */ = {
			isa = PBXGroup;
			children = (
				29AF281D27F1DFDF00F254C1 /* AppDelegate.swift */,
				29AF282327F1DFDF00F254C1 /* GameScene.swift */,
				29AF282527F1DFDF00F254C1 /* GameViewController.swift */,
				29AF283427F1E50D00F254C1 /* PlayerNode.swift */,
				29AF283C27F1EF2E00F254C1 /* CarNode.swift */,
				29AF283E27F1EF4100F254C1 /* CarType.swift */,
				29AF284F27F2043200F254C1 /* BenzinaNode.swift */,
				29AF284327F1F39400F254C1 /* Wave.swift */,
				29AF285127F206E700F254C1 /* Fuel.swift */,
				29AF284727F1FA1000F254C1 /* Bundle-Decoding.swift */,
				29AF281F27F1DFDF00F254C1 /* GameScene.sks */,
				29AF282727F1DFDF00F254C1 /* Main.storyboard */,
				29AF282A27F1DFE000F254C1 /* Assets.xcassets */,
				29AF282C27F1DFE000F254C1 /* LaunchScreen.storyboard */,
				29AF284127F1F21600F254C1 /* car-types.json */,
			);
			path = NCX;
			sourceTree = "<group>";
		};
/* End PBXGroup section */

/* Begin PBXNativeTarget section */
		29AF281927F1DFDF00F254C1 /* NCX */ = {
			isa = PBXNativeTarget;
			buildConfigurationList = 29AF283127F1DFE000F254C1 /* Build configuration list for PBXNativeTarget "NCX" */;
			buildPhases = (
				29AF281627F1DFDF00F254C1 /* Sources */,
				29AF281727F1DFDF00F254C1 /* Frameworks */,
				29AF281827F1DFDF00F254C1 /* Resources */,
			);
			buildRules = (
			);
			dependencies = (
			);
			name = NCX;
			productName = NCX;
			productReference = 29AF281A27F1DFDF00F254C1 /* NCX.app */;
			productType = "com.apple.product-type.application";
		};
/* End PBXNativeTarget section */

/* Begin PBXProject section */
		29AF281227F1DFDF00F254C1 /* Project object */ = {
			isa = PBXProject;
			attributes = {
				BuildIndependentTargetsInParallel = 1;
				LastSwiftUpdateCheck = 1320;
				LastUpgradeCheck = 1320;
				TargetAttributes = {
					29AF281927F1DFDF00F254C1 = {
						CreatedOnToolsVersion = 13.2;
					};
				};
			};
			buildConfigurationList = 29AF281527F1DFDF00F254C1 /* Build configuration list for PBXProject "NCX" */;
			compatibilityVersion = "Xcode 13.0";
			developmentRegion = en;
			hasScannedForEncodings = 0;
			knownRegions = (
				en,
				Base,
			);
			mainGroup = 29AF281127F1DFDF00F254C1;
			productRefGroup = 29AF281B27F1DFDF00F254C1 /* Products */;
			projectDirPath = "";
			projectRoot = "";
			targets = (
				29AF281927F1DFDF00F254C1 /* NCX */,
			);
		};
/* End PBXProject section */

/* Begin PBXResourcesBuildPhase section */
		29AF281827F1DFDF00F254C1 /* Resources */ = {
			isa = PBXResourcesBuildPhase;
			buildActionMask = 2147483647;
			files = (
				29AF282927F1DFDF00F254C1 /* Main.storyboard in Resources */,
				29AF282027F1DFDF00F254C1 /* GameScene.sks in Resources */,
				29AF282B27F1DFE000F254C1 /* Assets.xcassets in Resources */,
				29AF282E27F1DFE000F254C1 /* LaunchScreen.storyboard in Resources */,
				29AF284227F1F21600F254C1 /* car-types.json in Resources */,
			);
			runOnlyForDeploymentPostprocessing = 0;
		};
/* End PBXResourcesBuildPhase section */

/* Begin PBXSourcesBuildPhase section */
		29AF281627F1DFDF00F254C1 /* Sources */ = {
			isa = PBXSourcesBuildPhase;
			buildActionMask = 2147483647;
			files = (
				29AF283F27F1EF4100F254C1 /* CarType.swift in Sources */,
				29AF285027F2043200F254C1 /* BenzinaNode.swift in Sources */,
				29AF282427F1DFDF00F254C1 /* GameScene.swift in Sources */,
				29AF282627F1DFDF00F254C1 /* GameViewController.swift in Sources */,
				29AF283D27F1EF2E00F254C1 /* CarNode.swift in Sources */,
				29AF284827F1FA1000F254C1 /* Bundle-Decoding.swift in Sources */,
				29AF284427F1F39400F254C1 /* Wave.swift in Sources */,
				29AF285227F206E700F254C1 /* Fuel.swift in Sources */,
				29AF283527F1E50D00F254C1 /* PlayerNode.swift in Sources */,
				29AF281E27F1DFDF00F254C1 /* AppDelegate.swift in Sources */,
			);
			runOnlyForDeploymentPostprocessing = 0;
		};
/* End PBXSourcesBuildPhase section */

/* Begin PBXVariantGroup section */
		29AF282727F1DFDF00F254C1 /* Main.storyboard */ = {
			isa = PBXVariantGroup;
			children = (
				29AF282827F1DFDF00F254C1 /* Base */,
			);
			name = Main.storyboard;
			sourceTree = "<group>";
		};
		29AF282C27F1DFE000F254C1 /* LaunchScreen.storyboard */ = {
			isa = PBXVariantGroup;
			children = (
				29AF282D27F1DFE000F254C1 /* Base */,
			);
			name = LaunchScreen.storyboard;
			sourceTree = "<group>";
		};
/* End PBXVariantGroup section */

/* Begin XCBuildConfiguration section */
		29AF282F27F1DFE000F254C1 /* Debug */ = {
			isa = XCBuildConfiguration;
			buildSettings = {
				ALWAYS_SEARCH_USER_PATHS = NO;
				CLANG_ANALYZER_NONNULL = YES;
				CLANG_ANALYZER_NUMBER_OBJECT_CONVERSION = YES_AGGRESSIVE;
				CLANG_CXX_LANGUAGE_STANDARD = "gnu++17";
				CLANG_CXX_LIBRARY = "libc++";
				CLANG_ENABLE_MODULES = YES;
				CLANG_ENABLE_OBJC_ARC = YES;
				CLANG_ENABLE_OBJC_WEAK = YES;
				CLANG_WARN_BLOCK_CAPTURE_AUTORELEASING = YES;
				CLANG_WARN_BOOL_CONVERSION = YES;
				CLANG_WARN_COMMA = YES;
				CLANG_WARN_CONSTANT_CONVERSION = YES;
				CLANG_WARN_DEPRECATED_OBJC_IMPLEMENTATIONS = YES;
				CLANG_WARN_DIRECT_OBJC_ISA_USAGE = YES_ERROR;
				CLANG_WARN_DOCUMENTATION_COMMENTS = YES;
				CLANG_WARN_EMPTY_BODY = YES;
				CLANG_WARN_ENUM_CONVERSION = YES;
				CLANG_WARN_INFINITE_RECURSION = YES;
				CLANG_WARN_INT_CONVERSION = YES;
				CLANG_WARN_NON_LITERAL_NULL_CONVERSION = YES;
				CLANG_WARN_OBJC_IMPLICIT_RETAIN_SELF = YES;
				CLANG_WARN_OBJC_LITERAL_CONVERSION = YES;
				CLANG_WARN_OBJC_ROOT_CLASS = YES_ERROR;
				CLANG_WARN_QUOTED_INCLUDE_IN_FRAMEWORK_HEADER = YES;
				CLANG_WARN_RANGE_LOOP_ANALYSIS = YES;
				CLANG_WARN_STRICT_PROTOTYPES = YES;
				CLANG_WARN_SUSPICIOUS_MOVE = YES;
				CLANG_WARN_UNGUARDED_AVAILABILITY = YES_AGGRESSIVE;
				CLANG_WARN_UNREACHABLE_CODE = YES;
				CLANG_WARN__DUPLICATE_METHOD_MATCH = YES;
				COPY_PHASE_STRIP = NO;
				DEBUG_INFORMATION_FORMAT = dwarf;
				ENABLE_STRICT_OBJC_MSGSEND = YES;
				ENABLE_TESTABILITY = YES;
				GCC_C_LANGUAGE_STANDARD = gnu11;
				GCC_DYNAMIC_NO_PIC = NO;
				GCC_NO_COMMON_BLOCKS = YES;
				GCC_OPTIMIZATION_LEVEL = 0;
				GCC_PREPROCESSOR_DEFINITIONS = (
					"DEBUG=1",
					"$(inherited)",
				);
				GCC_WARN_64_TO_32_BIT_CONVERSION = YES;
				GCC_WARN_ABOUT_RETURN_TYPE = YES_ERROR;
				GCC_WARN_UNDECLARED_SELECTOR = YES;
				GCC_WARN_UNINITIALIZED_AUTOS = YES_AGGRESSIVE;
				GCC_WARN_UNUSED_FUNCTION = YES;
				GCC_WARN_UNUSED_VARIABLE = YES;
				IPHONEOS_DEPLOYMENT_TARGET = 15.2;
				MTL_ENABLE_DEBUG_INFO = INCLUDE_SOURCE;
				MTL_FAST_MATH = YES;
				ONLY_ACTIVE_ARCH = YES;
				SDKROOT = iphoneos;
				SWIFT_ACTIVE_COMPILATION_CONDITIONS = DEBUG;
				SWIFT_OPTIMIZATION_LEVEL = "-Onone";
			};
			name = Debug;
		};
		29AF283027F1DFE000F254C1 /* Release */ = {
			isa = XCBuildConfiguration;
			buildSettings = {
				ALWAYS_SEARCH_USER_PATHS = NO;
				CLANG_ANALYZER_NONNULL = YES;
				CLANG_ANALYZER_NUMBER_OBJECT_CONVERSION = YES_AGGRESSIVE;
				CLANG_CXX_LANGUAGE_STANDARD = "gnu++17";
				CLANG_CXX_LIBRARY = "libc++";
				CLANG_ENABLE_MODULES = YES;
				CLANG_ENABLE_OBJC_ARC = YES;
				CLANG_ENABLE_OBJC_WEAK = YES;
				CLANG_WARN_BLOCK_CAPTURE_AUTORELEASING = YES;
				CLANG_WARN_BOOL_CONVERSION = YES;
				CLANG_WARN_COMMA = YES;
				CLANG_WARN_CONSTANT_CONVERSION = YES;
				CLANG_WARN_DEPRECATED_OBJC_IMPLEMENTATIONS = YES;
				CLANG_WARN_DIRECT_OBJC_ISA_USAGE = YES_ERROR;
				CLANG_WARN_DOCUMENTATION_COMMENTS = YES;
				CLANG_WARN_EMPTY_BODY = YES;
				CLANG_WARN_ENUM_CONVERSION = YES;
				CLANG_WARN_INFINITE_RECURSION = YES;
				CLANG_WARN_INT_CONVERSION = YES;
				CLANG_WARN_NON_LITERAL_NULL_CONVERSION = YES;
				CLANG_WARN_OBJC_IMPLICIT_RETAIN_SELF = YES;
				CLANG_WARN_OBJC_LITERAL_CONVERSION = YES;
				CLANG_WARN_OBJC_ROOT_CLASS = YES_ERROR;
				CLANG_WARN_QUOTED_INCLUDE_IN_FRAMEWORK_HEADER = YES;
				CLANG_WARN_RANGE_LOOP_ANALYSIS = YES;
				CLANG_WARN_STRICT_PROTOTYPES = YES;
				CLANG_WARN_SUSPICIOUS_MOVE = YES;
				CLANG_WARN_UNGUARDED_AVAILABILITY = YES_AGGRESSIVE;
				CLANG_WARN_UNREACHABLE_CODE = YES;
				CLANG_WARN__DUPLICATE_METHOD_MATCH = YES;
				COPY_PHASE_STRIP = NO;
				DEBUG_INFORMATION_FORMAT = "dwarf-with-dsym";
				ENABLE_NS_ASSERTIONS = NO;
				ENABLE_STRICT_OBJC_MSGSEND = YES;
				GCC_C_LANGUAGE_STANDARD = gnu11;
				GCC_NO_COMMON_BLOCKS = YES;
				GCC_WARN_64_TO_32_BIT_CONVERSION = YES;
				GCC_WARN_ABOUT_RETURN_TYPE = YES_ERROR;
				GCC_WARN_UNDECLARED_SELECTOR = YES;
				GCC_WARN_UNINITIALIZED_AUTOS = YES_AGGRESSIVE;
				GCC_WARN_UNUSED_FUNCTION = YES;
				GCC_WARN_UNUSED_VARIABLE = YES;
				IPHONEOS_DEPLOYMENT_TARGET = 15.2;
				MTL_ENABLE_DEBUG_INFO = NO;
				MTL_FAST_MATH = YES;
				SDKROOT = iphoneos;
				SWIFT_COMPILATION_MODE = wholemodule;
				SWIFT_OPTIMIZATION_LEVEL = "-O";
				VALIDATE_PRODUCT = YES;
			};
			name = Release;
		};
		29AF283227F1DFE000F254C1 /* Debug */ = {
			isa = XCBuildConfiguration;
			buildSettings = {
				ASSETCATALOG_COMPILER_APPICON_NAME = AppIcon;
				ASSETCATALOG_COMPILER_GLOBAL_ACCENT_COLOR_NAME = AccentColor;
				CODE_SIGN_STYLE = Automatic;
				CURRENT_PROJECT_VERSION = 1;
				GENERATE_INFOPLIST_FILE = YES;
				INFOPLIST_KEY_UIApplicationSupportsIndirectInputEvents = YES;
				INFOPLIST_KEY_UILaunchStoryboardName = LaunchScreen;
				INFOPLIST_KEY_UIMainStoryboardFile = Main;
				INFOPLIST_KEY_UIStatusBarHidden = YES;
				INFOPLIST_KEY_UISupportedInterfaceOrientations = UIInterfaceOrientationLandscapeLeft;
				INFOPLIST_KEY_UISupportedInterfaceOrientations_iPad = "UIInterfaceOrientationPortrait UIInterfaceOrientationPortraitUpsideDown UIInterfaceOrientationLandscapeLeft UIInterfaceOrientationLandscapeRight";
				INFOPLIST_KEY_UISupportedInterfaceOrientations_iPhone = "UIInterfaceOrientationPortrait UIInterfaceOrientationLandscapeLeft UIInterfaceOrientationLandscapeRight";
				LD_RUNPATH_SEARCH_PATHS = (
					"$(inherited)",
					"@executable_path/Frameworks",
				);
				MARKETING_VERSION = 1.0;
				PRODUCT_BUNDLE_IDENTIFIER = "Maria-Smirnova.NCX";
				PRODUCT_NAME = "$(TARGET_NAME)";
				SWIFT_EMIT_LOC_STRINGS = YES;
				SWIFT_VERSION = 5.0;
				TARGETED_DEVICE_FAMILY = "1,2";
			};
			name = Debug;
		};
		29AF283327F1DFE000F254C1 /* Release */ = {
			isa = XCBuildConfiguration;
			buildSettings = {
				ASSETCATALOG_COMPILER_APPICON_NAME = AppIcon;
				ASSETCATALOG_COMPILER_GLOBAL_ACCENT_COLOR_NAME = AccentColor;
				CODE_SIGN_STYLE = Automatic;
				CURRENT_PROJECT_VERSION = 1;
				GENERATE_INFOPLIST_FILE = YES;
				INFOPLIST_KEY_UIApplicationSupportsIndirectInputEvents = YES;
				INFOPLIST_KEY_UILaunchStoryboardName = LaunchScreen;
				INFOPLIST_KEY_UIMainStoryboardFile = Main;
				INFOPLIST_KEY_UIStatusBarHidden = YES;
				INFOPLIST_KEY_UISupportedInterfaceOrientations = UIInterfaceOrientationLandscapeLeft;
				INFOPLIST_KEY_UISupportedInterfaceOrientations_iPad = "UIInterfaceOrientationPortrait UIInterfaceOrientationPortraitUpsideDown UIInterfaceOrientationLandscapeLeft UIInterfaceOrientationLandscapeRight";
				INFOPLIST_KEY_UISupportedInterfaceOrientations_iPhone = "UIInterfaceOrientationPortrait UIInterfaceOrientationLandscapeLeft UIInterfaceOrientationLandscapeRight";
				LD_RUNPATH_SEARCH_PATHS = (
					"$(inherited)",
					"@executable_path/Frameworks",
				);
				MARKETING_VERSION = 1.0;
				PRODUCT_BUNDLE_IDENTIFIER = "Maria-Smirnova.NCX";
				PRODUCT_NAME = "$(TARGET_NAME)";
				SWIFT_EMIT_LOC_STRINGS = YES;
				SWIFT_VERSION = 5.0;
				TARGETED_DEVICE_FAMILY = "1,2";
			};
			name = Release;
		};
/* End XCBuildConfiguration section */

/* Begin XCConfigurationList section */
		29AF281527F1DFDF00F254C1 /* Build configuration list for PBXProject "NCX" */ = {
			isa = XCConfigurationList;
			buildConfigurations = (
				29AF282F27F1DFE000F254C1 /* Debug */,
				29AF283027F1DFE000F254C1 /* Release */,
			);
			defaultConfigurationIsVisible = 0;
			defaultConfigurationName = Release;
		};
		29AF283127F1DFE000F254C1 /* Build configuration list for PBXNativeTarget "NCX" */ = {
			isa = XCConfigurationList;
			buildConfigurations = (
				29AF283227F1DFE000F254C1 /* Debug */,
				29AF283327F1DFE000F254C1 /* Release */,
			);
			defaultConfigurationIsVisible = 0;
			defaultConfigurationName = Release;
		};
/* End XCConfigurationList section */
	};
	rootObject = 29AF281227F1DFDF00F254C1 /* Project object */;
}
